# THIS IS AN AUTOGENERATED FILE. DO NOT EDIT THIS FILE DIRECTLY.
# yarn lockfile v1


emotion-reset@^2.0.3:
  version "2.0.3"
  resolved "https://registry.yarnpkg.com/emotion-reset/-/emotion-reset-2.0.3.tgz#f242e9fdf9fe906703aa5d3251d356bc4557669d"
  integrity sha512-QrVnyENYqlz6GvRsZRyuDZVv6nnJt+ZccpktDLj7nX38beB7q8fCESRLfWpw8KGHJVkqo+PIiQ0uVRTbedHTdg==

webfontloader@^1.6.28:
  version "1.6.28"
  resolved "https://registry.yarnpkg.com/webfontloader/-/webfontloader-1.6.28.tgz#db786129253cb6e8eae54c2fb05f870af6675bae"
  integrity sha1-23hhKSU8tujq5UwvsF+HCvZnW64=
